
Microsoft Visual Studio Solution File, Format Version 12.00
# Visual Studio 15
Project("{FAE04EC0-301F-11D3-BF4B-00C04F79EFBC}") = "SteamVR_Actions", "SteamVR_Actions.csproj", "{FDA42A92-A141-A8B6-F556-1498E8C57CD6}"
EndProject
Project("{FAE04EC0-301F-11D3-BF4B-00C04F79EFBC}") = "Assembly-CSharp", "Assembly-CSharp.csproj", "{E6024A0D-A5B1-4EE7-BC1C-6770A12E6A71}"
EndProject
Project("{FAE04EC0-301F-11D3-BF4B-00C04F79EFBC}") = "SteamVR", "SteamVR.csproj", "{78C807AF-857D-228C-8B53-CA69E43F0133}"
EndProject
Project("{FAE04EC0-301F-11D3-BF4B-00C04F79EFBC}") = "Assembly-CSharp-firstpass", "Assembly-CSharp-firstpass.csproj", "{DA6FB2BF-1CEC-3B7B-BA0A-FC25682D4CBE}"
EndProject
Project("{FAE04EC0-301F-11D3-BF4B-00C04F79EFBC}") = "Assembly-CSharp-Editor-firstpass", "Assembly-CSharp-Editor-firstpass.csproj", "{96905379-9AB6-0362-ECC2-30B21899D3B7}"
EndProject
Project("{FAE04EC0-301F-11D3-BF4B-00C04F79EFBC}") = "SteamVR_Editor", "SteamVR_Editor.csproj", "{E086E046-BB86-BA4D-BA0D-B9147A8FEDFF}"
EndProject
Project("{FAE04EC0-301F-11D3-BF4B-00C04F79EFBC}") = "Assembly-CSharp-Editor", "Assembly-CSharp-Editor.csproj", "{775C837C-B664-9EB9-C493-FA2CFD7466B8}"
EndProject
Project("{FAE04EC0-301F-11D3-BF4B-00C04F79EFBC}") = "SteamVR_Input_Editor", "SteamVR_Input_Editor.csproj", "{D09C81A6-93B9-8C1D-D25A-1413DBDFA21D}"
EndProject
Project("{FAE04EC0-301F-11D3-BF4B-00C04F79EFBC}") = "SteamVR_Windows_EditorHelper", "SteamVR_Windows_EditorHelper.csproj", "{4919C42D-5949-EE24-055B-0322C5A8036F}"
EndProject
Global
	GlobalSection(SolutionConfigurationPlatforms) = preSolution
		Debug|Any CPU = Debug|Any CPU
		Release|Any CPU = Release|Any CPU
	EndGlobalSection
	GlobalSection(ProjectConfigurationPlatforms) = postSolution
		{FDA42A92-A141-A8B6-F556-1498E8C57CD6}.Debug|Any CPU.ActiveCfg = Debug|Any CPU
		{FDA42A92-A141-A8B6-F556-1498E8C57CD6}.Debug|Any CPU.Build.0 = Debug|Any CPU
		{FDA42A92-A141-A8B6-F556-1498E8C57CD6}.Release|Any CPU.ActiveCfg = Release|Any CPU
		{FDA42A92-A141-A8B6-F556-1498E8C57CD6}.Release|Any CPU.Build.0 = Release|Any CPU
		{E6024A0D-A5B1-4EE7-BC1C-6770A12E6A71}.Debug|Any CPU.ActiveCfg = Debug|Any CPU
		{E6024A0D-A5B1-4EE7-BC1C-6770A12E6A71}.Debug|Any CPU.Build.0 = Debug|Any CPU
		{E6024A0D-A5B1-4EE7-BC1C-6770A12E6A71}.Release|Any CPU.ActiveCfg = Release|Any CPU
		{E6024A0D-A5B1-4EE7-BC1C-6770A12E6A71}.Release|Any CPU.Build.0 = Release|Any CPU
		{78C807AF-857D-228C-8B53-CA69E43F0133}.Debug|Any CPU.ActiveCfg = Debug|Any CPU
		{78C807AF-857D-228C-8B53-CA69E43F0133}.Debug|Any CPU.Build.0 = Debug|Any CPU
		{78C807AF-857D-228C-8B53-CA69E43F0133}.Release|Any CPU.ActiveCfg = Release|Any CPU
		{78C807AF-857D-228C-8B53-CA69E43F0133}.Release|Any CPU.Build.0 = Release|Any CPU
		{DA6FB2BF-1CEC-3B7B-BA0A-FC25682D4CBE}.Debug|Any CPU.ActiveCfg = Debug|Any CPU
		{DA6FB2BF-1CEC-3B7B-BA0A-FC25682D4CBE}.Debug|Any CPU.Build.0 = Debug|Any CPU
		{DA6FB2BF-1CEC-3B7B-BA0A-FC25682D4CBE}.Release|Any CPU.ActiveCfg = Release|Any CPU
		{DA6FB2BF-1CEC-3B7B-BA0A-FC25682D4CBE}.Release|Any CPU.Build.0 = Release|Any CPU
		{96905379-9AB6-0362-ECC2-30B21899D3B7}.Debug|Any CPU.ActiveCfg = Debug|Any CPU
		{96905379-9AB6-0362-ECC2-30B21899D3B7}.Debug|Any CPU.Build.0 = Debug|Any CPU
		{96905379-9AB6-0362-ECC2-30B21899D3B7}.Release|Any CPU.ActiveCfg = Release|Any CPU
		{96905379-9AB6-0362-ECC2-30B21899D3B7}.Release|Any CPU.Build.0 = Release|Any CPU
		{E086E046-BB86-BA4D-BA0D-B9147A8FEDFF}.Debug|Any CPU.ActiveCfg = Debug|Any CPU
		{E086E046-BB86-BA4D-BA0D-B9147A8FEDFF}.Debug|Any CPU.Build.0 = Debug|Any CPU
		{E086E046-BB86-BA4D-BA0D-B9147A8FEDFF}.Release|Any CPU.ActiveCfg = Release|Any CPU
		{E086E046-BB86-BA4D-BA0D-B9147A8FEDFF}.Release|Any CPU.Build.0 = Release|Any CPU
		{775C837C-B664-9EB9-C493-FA2CFD7466B8}.Debug|Any CPU.ActiveCfg = Debug|Any CPU
		{775C837C-B664-9EB9-C493-FA2CFD7466B8}.Debug|Any CPU.Build.0 = Debug|Any CPU
		{775C837C-B664-9EB9-C493-FA2CFD7466B8}.Release|Any CPU.ActiveCfg = Release|Any CPU
		{775C837C-B664-9EB9-C493-FA2CFD7466B8}.Release|Any CPU.Build.0 = Release|Any CPU
		{D09C81A6-93B9-8C1D-D25A-1413DBDFA21D}.Debug|Any CPU.ActiveCfg = Debug|Any CPU
		{D09C81A6-93B9-8C1D-D25A-1413DBDFA21D}.Debug|Any CPU.Build.0 = Debug|Any CPU
		{D09C81A6-93B9-8C1D-D25A-1413DBDFA21D}.Release|Any CPU.ActiveCfg = Release|Any CPU
		{D09C81A6-93B9-8C1D-D25A-1413DBDFA21D}.Release|Any CPU.Build.0 = Release|Any CPU
		{4919C42D-5949-EE24-055B-0322C5A8036F}.Debug|Any CPU.ActiveCfg = Debug|Any CPU
		{4919C42D-5949-EE24-055B-0322C5A8036F}.Debug|Any CPU.Build.0 = Debug|Any CPU
		{4919C42D-5949-EE24-055B-0322C5A8036F}.Release|Any CPU.ActiveCfg = Release|Any CPU
		{4919C42D-5949-EE24-055B-0322C5A8036F}.Release|Any CPU.Build.0 = Release|Any CPU
	EndGlobalSection
	GlobalSection(SolutionProperties) = preSolution
		HideSolutionNode = FALSE
	EndGlobalSection
EndGlobal
